
Microsoft Visual Studio Solution File, Format Version 12.00
# Visual Studio Version 17
VisualStudioVersion = 17.6.33829.357
MinimumVisualStudioVersion = 10.0.40219.1
Project("{9A19103F-16F7-4668-BE54-9A1E7A4F7556}") = "AttendanceManagement", "AttendanceManagement\AttendanceManagement.csproj", "{8A561EBB-38F5-4FFC-AEAF-EE781166766E}"
EndProject
Project("{54435603-DBB4-11D2-8724-00A0C9A8B90C}") = "AttendanceManagementInstaller", "AttendanceManagementInstaller\AttendanceManagementInstaller.vdproj", "{9CC53706-926D-4F72-9A39-CB0C8C59B921}"
EndProject
Global
	GlobalSection(SolutionConfigurationPlatforms) = preSolution
		Debug|Any CPU = Debug|Any CPU
		Release|Any CPU = Release|Any CPU
	EndGlobalSection
	GlobalSection(ProjectConfigurationPlatforms) = postSolution
		{8A561EBB-38F5-4FFC-AEAF-EE781166766E}.Debug|Any CPU.ActiveCfg = Debug|Any CPU
		{8A561EBB-38F5-4FFC-AEAF-EE781166766E}.Debug|Any CPU.Build.0 = Debug|Any CPU
		{8A561EBB-38F5-4FFC-AEAF-EE781166766E}.Release|Any CPU.ActiveCfg = Release|Any CPU
		{8A561EBB-38F5-4FFC-AEAF-EE781166766E}.Release|Any CPU.Build.0 = Release|Any CPU
		{9CC53706-926D-4F72-9A39-CB0C8C59B921}.Debug|Any CPU.ActiveCfg = Debug
		{9CC53706-926D-4F72-9A39-CB0C8C59B921}.Release|Any CPU.ActiveCfg = Release
		{9CC53706-926D-4F72-9A39-CB0C8C59B921}.Release|Any CPU.Build.0 = Release
	EndGlobalSection
	GlobalSection(SolutionProperties) = preSolution
		HideSolutionNode = FALSE
	EndGlobalSection
	GlobalSection(ExtensibilityGlobals) = postSolution
		SolutionGuid = {B4ACD103-D644-44CC-BDF8-76795D4AAD95}
	EndGlobalSection
EndGlobal
